
Microsoft Visual Studio Solution File, Format Version 12.00
# Visual Studio Version 17
VisualStudioVersion = 17.0.31919.166
MinimumVisualStudioVersion = 10.0.40219.1
Project("{FAE04EC0-301F-11D3-BF4B-00C04F79EFBC}") = "ContractCRPK", "ContractCRPK\ContractCRPK.csproj", "{A7DDAEAB-C669-4A2F-83C2-04C72676BA57}"
EndProject
Global
	GlobalSection(SolutionConfigurationPlatforms) = preSolution
		Debug|Any CPU = Debug|Any CPU
		Release|Any CPU = Release|Any CPU
	EndGlobalSection
	GlobalSection(ProjectConfigurationPlatforms) = postSolution
		{A7DDAEAB-C669-4A2F-83C2-04C72676BA57}.Debug|Any CPU.ActiveCfg = Debug|Any CPU
		{A7DDAEAB-C669-4A2F-83C2-04C72676BA57}.Debug|Any CPU.Build.0 = Debug|Any CPU
		{A7DDAEAB-C669-4A2F-83C2-04C72676BA57}.Release|Any CPU.ActiveCfg = Release|Any CPU
		{A7DDAEAB-C669-4A2F-83C2-04C72676BA57}.Release|Any CPU.Build.0 = Release|Any CPU
	EndGlobalSection
	GlobalSection(SolutionProperties) = preSolution
		HideSolutionNode = FALSE
	EndGlobalSection
	GlobalSection(ExtensibilityGlobals) = postSolution
		SolutionGuid = {E569DDE6-D736-4982-9729-66DB8323C72F}
	EndGlobalSection
EndGlobal
